
Microsoft Visual Studio Solution File, Format Version 12.00
# Visual Studio Version 17
VisualStudioVersion = 17.14.36518.9 d17.14
MinimumVisualStudioVersion = 10.0.40219.1
Project("{2150E333-8FDC-42A3-9474-1A3956D46DE8}") = "Task1", "Task1", "{02EA681E-C7D8-13C7-8484-4AC65E1B71E8}"
EndProject
Project("{2150E333-8FDC-42A3-9474-1A3956D46DE8}") = "Task0", "Task0", "{E5BB585E-B2FF-4AD8-910D-6AA8A17E67F0}"
EndProject
Project("{2150E333-8FDC-42A3-9474-1A3956D46DE8}") = "Task2", "Task2", "{4289A128-D188-4461-8ED8-480EBF7CABB1}"
EndProject
Project("{2150E333-8FDC-42A3-9474-1A3956D46DE8}") = "Task3", "Task3", "{F75FCD7B-C3BD-4F9E-95A9-E075087FB1ED}"
EndProject
Project("{2150E333-8FDC-42A3-9474-1A3956D46DE8}") = "Task4", "Task4", "{ECC3335F-6BFC-42C3-B393-A5671572EB44}"
EndProject
Project("{2150E333-8FDC-42A3-9474-1A3956D46DE8}") = "Task5", "Task5", "{58F6313F-B6FE-4EDB-8430-3B3089C70C9B}"
EndProject
Project("{2150E333-8FDC-42A3-9474-1A3956D46DE8}") = "Task6", "Task6", "{37FF3038-497E-4E06-9736-134457CABBA2}"
EndProject
Project("{2150E333-8FDC-42A3-9474-1A3956D46DE8}") = "Task7", "Task7", "{423F7BA0-695B-480C-99BF-FC8E90BC222E}"
EndProject
Project("{FAE04EC0-301F-11D3-BF4B-00C04F79EFBC}") = "Tyuiu.AndreevIA.Sprint5.Task0.V15", "Tyuiu.AndreevIA.Sprint5.Task0.V15\Tyuiu.AndreevIA.Sprint5.Task0.V15.csproj", "{65E9B093-9C9B-4ECA-A0F2-757B20DCB747}"
EndProject
Project("{FAE04EC0-301F-11D3-BF4B-00C04F79EFBC}") = "Tyuiu.AndreevIA.Sprint5.Task0.V15.Lib", "Tyuiu.AndreevIA.Sprint5.Task0.V15.Lib\Tyuiu.AndreevIA.Sprint5.Task0.V15.Lib.csproj", "{B57AD316-5894-4068-A2AA-13CB7D2C5A00}"
EndProject
Project("{FAE04EC0-301F-11D3-BF4B-00C04F79EFBC}") = "Tyuiu.AndreevIA.Sprint5.Task0.V15.Test", "Tyuiu.AndreevIA.Sprint5.Task0.V15.Test\Tyuiu.AndreevIA.Sprint5.Task0.V15.Test.csproj", "{0F854813-149A-4B88-8FA6-F16C0F429D5F}"
EndProject
Project("{FAE04EC0-301F-11D3-BF4B-00C04F79EFBC}") = "Tyuiu.AndreevIA.Sprint5.Task1.V10", "Tyuiu.AndreevIA.Sprint5.Task1.V10\Tyuiu.AndreevIA.Sprint5.Task1.V10.csproj", "{33273414-3B9B-43E4-94B5-55CD738BE9FD}"
EndProject
Project("{FAE04EC0-301F-11D3-BF4B-00C04F79EFBC}") = "Tyuiu.AndreevIA.Sprint5.Task1.V10.Lib", "Tyuiu.AndreevIA.Sprint5.Task1.V10.Lib\Tyuiu.AndreevIA.Sprint5.Task1.V10.Lib.csproj", "{D8A5BCC1-E7D6-4CB1-B6FF-46813338CC92}"
EndProject
Project("{FAE04EC0-301F-11D3-BF4B-00C04F79EFBC}") = "Tyuiu.AndreevIA.Sprint5.Task1.V10.Test", "Tyuiu.AndreevIA.Sprint5.Task1.V10.Test\Tyuiu.AndreevIA.Sprint5.Task1.V10.Test.csproj", "{EA0FAD25-957E-4988-8F1E-6C460FCEBC52}"
EndProject
Project("{FAE04EC0-301F-11D3-BF4B-00C04F79EFBC}") = "Tyuiu.AndreevIA.Sprint5.Task2.V11", "Tyuiu.AndreevIA.Sprint5.Task2.V11\Tyuiu.AndreevIA.Sprint5.Task2.V11.csproj", "{DE8B3C0C-F564-4952-9062-3680DDAAD1F7}"
EndProject
Project("{FAE04EC0-301F-11D3-BF4B-00C04F79EFBC}") = "Tyuiu.AndreevIA.Sprint5.Task2.V11.Lib", "Tyuiu.AndreevIA.Sprint5.Task2.V11.Lib\Tyuiu.AndreevIA.Sprint5.Task2.V11.Lib.csproj", "{62A4CA18-130E-4D8D-9B1F-641ACD4F5B6E}"
EndProject
Project("{FAE04EC0-301F-11D3-BF4B-00C04F79EFBC}") = "Tyuiu.AndreevIA.Sprint5.Task2.V11.Test", "Tyuiu.AndreevIA.Sprint5.Task2.V11.Test\Tyuiu.AndreevIA.Sprint5.Task2.V11.Test.csproj", "{79DC86F6-E478-4E49-AF0A-FB4547401004}"
EndProject
Project("{FAE04EC0-301F-11D3-BF4B-00C04F79EFBC}") = "Tyuiu.AndreevIA.Sprint5.Task3.V22", "Tyuiu.AndreevIA.Sprint5.Task3.V22\Tyuiu.AndreevIA.Sprint5.Task3.V22.csproj", "{64ADADE2-04FB-450A-931C-C5EB144F55CB}"
EndProject
Project("{FAE04EC0-301F-11D3-BF4B-00C04F79EFBC}") = "Tyuiu.AndreevIA.Sprint5.Task3.V22.Lib", "Tyuiu.AndreevIA.Sprint5.Task3.V22.Lib\Tyuiu.AndreevIA.Sprint5.Task3.V22.Lib.csproj", "{B2A4A34A-D94B-40A0-BD4F-F8C42CFE8F94}"
EndProject
Project("{FAE04EC0-301F-11D3-BF4B-00C04F79EFBC}") = "Tyuiu.AndreevIA.Sprint5.Task3.V22.Test", "Tyuiu.AndreevIA.Sprint5.Task3.V22.Test\Tyuiu.AndreevIA.Sprint5.Task3.V22.Test.csproj", "{D71B8A20-2158-4623-97C6-C7F46A656282}"
EndProject
Project("{FAE04EC0-301F-11D3-BF4B-00C04F79EFBC}") = "Tyuiu.AndreevIA.Sprint5.Task4.V20", "Tyuiu.AndreevIA.Sprint5.Task4.V20\Tyuiu.AndreevIA.Sprint5.Task4.V20.csproj", "{CEF3031D-4943-4BBE-9864-9A0525B3C9AF}"
EndProject
Project("{FAE04EC0-301F-11D3-BF4B-00C04F79EFBC}") = "Tyuiu.AndreevIA.Sprint5.Task4.V20.Lib", "Tyuiu.AndreevIA.Sprint5.Task4.V20.Lib\Tyuiu.AndreevIA.Sprint5.Task4.V20.Lib.csproj", "{294FE87B-DE37-4847-A555-3EC359D25FBD}"
EndProject
Project("{FAE04EC0-301F-11D3-BF4B-00C04F79EFBC}") = "Tyuiu.AndreevIA.Sprint5.Task4.V20.Test", "Tyuiu.AndreevIA.Sprint5.Task4.V20.Test\Tyuiu.AndreevIA.Sprint5.Task4.V20.Test.csproj", "{FC9AE38F-2B8A-4B94-88AA-51A897DA2D73}"
EndProject
Project("{FAE04EC0-301F-11D3-BF4B-00C04F79EFBC}") = "Tyuiu.AndreevIA.Sprint5.Task5.V7", "Tyuiu.AndreevIA.Sprint5.Task5.V7\Tyuiu.AndreevIA.Sprint5.Task5.V7.csproj", "{4A8110B6-96DB-461A-B33A-8EF6FB8D1238}"
EndProject
Project("{FAE04EC0-301F-11D3-BF4B-00C04F79EFBC}") = "Tyuiu.AndreevIA.Sprint5.Task5.V7.Lib", "Tyuiu.AndreevIA.Sprint5.Task5.V7.Lib\Tyuiu.AndreevIA.Sprint5.Task5.V7.Lib.csproj", "{0C655EEB-EB9B-4F2B-A92B-3907AAF66597}"
EndProject
Project("{FAE04EC0-301F-11D3-BF4B-00C04F79EFBC}") = "Tyuiu.AndreevIA.Sprint5.Task5.V7.Test", "Tyuiu.AndreevIA.Sprint5.Task5.V7.Test\Tyuiu.AndreevIA.Sprint5.Task5.V7.Test.csproj", "{B517AAD8-6FE4-4FC7-8FF0-B22FDD47B664}"
EndProject
Project("{FAE04EC0-301F-11D3-BF4B-00C04F79EFBC}") = "Tyuiu.AndreevIA.Sprint5.Task6.V2", "Tyuiu.AndreevIA.Sprint5.Task6.V2\Tyuiu.AndreevIA.Sprint5.Task6.V2.csproj", "{628B2984-D57C-4E46-AE82-B480F57ED4B4}"
EndProject
Project("{FAE04EC0-301F-11D3-BF4B-00C04F79EFBC}") = "Tyuiu.AndreevIA.Sprint5.Task6.V2.Lib", "Tyuiu.AndreevIA.Sprint5.Task6.V2.Lib\Tyuiu.AndreevIA.Sprint5.Task6.V2.Lib.csproj", "{EDE48062-998B-4556-96B0-3C168142234F}"
EndProject
Project("{FAE04EC0-301F-11D3-BF4B-00C04F79EFBC}") = "Tyuiu.AndreevIA.Sprint5.Task6.V2.Test", "Tyuiu.AndreevIA.Sprint5.Task6.V2.Test\Tyuiu.AndreevIA.Sprint5.Task6.V2.Test.csproj", "{AAFD73E9-A38D-4D00-B370-C9462EC99C0D}"
EndProject
Project("{FAE04EC0-301F-11D3-BF4B-00C04F79EFBC}") = "Tyuiu.AndreevIA.Sprint5.Task7.V25", "Tyuiu.AndreevIA.Sprint5.Task7.V25\Tyuiu.AndreevIA.Sprint5.Task7.V25.csproj", "{339AE7B9-E118-4778-9922-62ECE1B54F6B}"
EndProject
Project("{FAE04EC0-301F-11D3-BF4B-00C04F79EFBC}") = "Tyuiu.AndreevIA.Sprint5.Task7.V25.Lib", "Tyuiu.AndreevIA.Sprint5.Task7.V25.Lib\Tyuiu.AndreevIA.Sprint5.Task7.V25.Lib.csproj", "{93D00659-27CE-4BA5-A2C5-ACC3922F373D}"
EndProject
Project("{FAE04EC0-301F-11D3-BF4B-00C04F79EFBC}") = "Tyuiu.AndreevIA.Sprint5.Task7.V25.Test", "Tyuiu.AndreevIA.Sprint5.Task7.V25.Test\Tyuiu.AndreevIA.Sprint5.Task7.V25.Test.csproj", "{E5607299-2921-47B3-B671-827DC9D0F717}"
EndProject
Global
	GlobalSection(SolutionConfigurationPlatforms) = preSolution
		Debug|Any CPU = Debug|Any CPU
		Release|Any CPU = Release|Any CPU
	EndGlobalSection
	GlobalSection(ProjectConfigurationPlatforms) = postSolution
		{65E9B093-9C9B-4ECA-A0F2-757B20DCB747}.Debug|Any CPU.ActiveCfg = Debug|Any CPU
		{65E9B093-9C9B-4ECA-A0F2-757B20DCB747}.Debug|Any CPU.Build.0 = Debug|Any CPU
		{65E9B093-9C9B-4ECA-A0F2-757B20DCB747}.Release|Any CPU.ActiveCfg = Release|Any CPU
		{65E9B093-9C9B-4ECA-A0F2-757B20DCB747}.Release|Any CPU.Build.0 = Release|Any CPU
		{B57AD316-5894-4068-A2AA-13CB7D2C5A00}.Debug|Any CPU.ActiveCfg = Debug|Any CPU
		{B57AD316-5894-4068-A2AA-13CB7D2C5A00}.Debug|Any CPU.Build.0 = Debug|Any CPU
		{B57AD316-5894-4068-A2AA-13CB7D2C5A00}.Release|Any CPU.ActiveCfg = Release|Any CPU
		{B57AD316-5894-4068-A2AA-13CB7D2C5A00}.Release|Any CPU.Build.0 = Release|Any CPU
		{0F854813-149A-4B88-8FA6-F16C0F429D5F}.Debug|Any CPU.ActiveCfg = Debug|Any CPU
		{0F854813-149A-4B88-8FA6-F16C0F429D5F}.Debug|Any CPU.Build.0 = Debug|Any CPU
		{0F854813-149A-4B88-8FA6-F16C0F429D5F}.Release|Any CPU.ActiveCfg = Release|Any CPU
		{0F854813-149A-4B88-8FA6-F16C0F429D5F}.Release|Any CPU.Build.0 = Release|Any CPU
		{33273414-3B9B-43E4-94B5-55CD738BE9FD}.Debug|Any CPU.ActiveCfg = Debug|Any CPU
		{33273414-3B9B-43E4-94B5-55CD738BE9FD}.Debug|Any CPU.Build.0 = Debug|Any CPU
		{33273414-3B9B-43E4-94B5-55CD738BE9FD}.Release|Any CPU.ActiveCfg = Release|Any CPU
		{33273414-3B9B-43E4-94B5-55CD738BE9FD}.Release|Any CPU.Build.0 = Release|Any CPU
		{D8A5BCC1-E7D6-4CB1-B6FF-46813338CC92}.Debug|Any CPU.ActiveCfg = Debug|Any CPU
		{D8A5BCC1-E7D6-4CB1-B6FF-46813338CC92}.Debug|Any CPU.Build.0 = Debug|Any CPU
		{D8A5BCC1-E7D6-4CB1-B6FF-46813338CC92}.Release|Any CPU.ActiveCfg = Release|Any CPU
		{D8A5BCC1-E7D6-4CB1-B6FF-46813338CC92}.Release|Any CPU.Build.0 = Release|Any CPU
		{EA0FAD25-957E-4988-8F1E-6C460FCEBC52}.Debug|Any CPU.ActiveCfg = Debug|Any CPU
		{EA0FAD25-957E-4988-8F1E-6C460FCEBC52}.Debug|Any CPU.Build.0 = Debug|Any CPU
		{EA0FAD25-957E-4988-8F1E-6C460FCEBC52}.Release|Any CPU.ActiveCfg = Release|Any CPU
		{EA0FAD25-957E-4988-8F1E-6C460FCEBC52}.Release|Any CPU.Build.0 = Release|Any CPU
		{DE8B3C0C-F564-4952-9062-3680DDAAD1F7}.Debug|Any CPU.ActiveCfg = Debug|Any CPU
		{DE8B3C0C-F564-4952-9062-3680DDAAD1F7}.Debug|Any CPU.Build.0 = Debug|Any CPU
		{DE8B3C0C-F564-4952-9062-3680DDAAD1F7}.Release|Any CPU.ActiveCfg = Release|Any CPU
		{DE8B3C0C-F564-4952-9062-3680DDAAD1F7}.Release|Any CPU.Build.0 = Release|Any CPU
		{62A4CA18-130E-4D8D-9B1F-641ACD4F5B6E}.Debug|Any CPU.ActiveCfg = Debug|Any CPU
		{62A4CA18-130E-4D8D-9B1F-641ACD4F5B6E}.Debug|Any CPU.Build.0 = Debug|Any CPU
		{62A4CA18-130E-4D8D-9B1F-641ACD4F5B6E}.Release|Any CPU.ActiveCfg = Release|Any CPU
		{62A4CA18-130E-4D8D-9B1F-641ACD4F5B6E}.Release|Any CPU.Build.0 = Release|Any CPU
		{79DC86F6-E478-4E49-AF0A-FB4547401004}.Debug|Any CPU.ActiveCfg = Debug|Any CPU
		{79DC86F6-E478-4E49-AF0A-FB4547401004}.Debug|Any CPU.Build.0 = Debug|Any CPU
		{79DC86F6-E478-4E49-AF0A-FB4547401004}.Release|Any CPU.ActiveCfg = Release|Any CPU
		{79DC86F6-E478-4E49-AF0A-FB4547401004}.Release|Any CPU.Build.0 = Release|Any CPU
		{64ADADE2-04FB-450A-931C-C5EB144F55CB}.Debug|Any CPU.ActiveCfg = Debug|Any CPU
		{64ADADE2-04FB-450A-931C-C5EB144F55CB}.Debug|Any CPU.Build.0 = Debug|Any CPU
		{64ADADE2-04FB-450A-931C-C5EB144F55CB}.Release|Any CPU.ActiveCfg = Release|Any CPU
		{64ADADE2-04FB-450A-931C-C5EB144F55CB}.Release|Any CPU.Build.0 = Release|Any CPU
		{B2A4A34A-D94B-40A0-BD4F-F8C42CFE8F94}.Debug|Any CPU.ActiveCfg = Debug|Any CPU
		{B2A4A34A-D94B-40A0-BD4F-F8C42CFE8F94}.Debug|Any CPU.Build.0 = Debug|Any CPU
		{B2A4A34A-D94B-40A0-BD4F-F8C42CFE8F94}.Release|Any CPU.ActiveCfg = Release|Any CPU
		{B2A4A34A-D94B-40A0-BD4F-F8C42CFE8F94}.Release|Any CPU.Build.0 = Release|Any CPU
		{D71B8A20-2158-4623-97C6-C7F46A656282}.Debug|Any CPU.ActiveCfg = Debug|Any CPU
		{D71B8A20-2158-4623-97C6-C7F46A656282}.Debug|Any CPU.Build.0 = Debug|Any CPU
		{D71B8A20-2158-4623-97C6-C7F46A656282}.Release|Any CPU.ActiveCfg = Release|Any CPU
		{D71B8A20-2158-4623-97C6-C7F46A656282}.Release|Any CPU.Build.0 = Release|Any CPU
		{CEF3031D-4943-4BBE-9864-9A0525B3C9AF}.Debug|Any CPU.ActiveCfg = Debug|Any CPU
		{CEF3031D-4943-4BBE-9864-9A0525B3C9AF}.Debug|Any CPU.Build.0 = Debug|Any CPU
		{CEF3031D-4943-4BBE-9864-9A0525B3C9AF}.Release|Any CPU.ActiveCfg = Release|Any CPU
		{CEF3031D-4943-4BBE-9864-9A0525B3C9AF}.Release|Any CPU.Build.0 = Release|Any CPU
		{294FE87B-DE37-4847-A555-3EC359D25FBD}.Debug|Any CPU.ActiveCfg = Debug|Any CPU
		{294FE87B-DE37-4847-A555-3EC359D25FBD}.Debug|Any CPU.Build.0 = Debug|Any CPU
		{294FE87B-DE37-4847-A555-3EC359D25FBD}.Release|Any CPU.ActiveCfg = Release|Any CPU
		{294FE87B-DE37-4847-A555-3EC359D25FBD}.Release|Any CPU.Build.0 = Release|Any CPU
		{FC9AE38F-2B8A-4B94-88AA-51A897DA2D73}.Debug|Any CPU.ActiveCfg = Debug|Any CPU
		{FC9AE38F-2B8A-4B94-88AA-51A897DA2D73}.Debug|Any CPU.Build.0 = Debug|Any CPU
		{FC9AE38F-2B8A-4B94-88AA-51A897DA2D73}.Release|Any CPU.ActiveCfg = Release|Any CPU
		{FC9AE38F-2B8A-4B94-88AA-51A897DA2D73}.Release|Any CPU.Build.0 = Release|Any CPU
		{4A8110B6-96DB-461A-B33A-8EF6FB8D1238}.Debug|Any CPU.ActiveCfg = Debug|Any CPU
		{4A8110B6-96DB-461A-B33A-8EF6FB8D1238}.Debug|Any CPU.Build.0 = Debug|Any CPU
		{4A8110B6-96DB-461A-B33A-8EF6FB8D1238}.Release|Any CPU.ActiveCfg = Release|Any CPU
		{4A8110B6-96DB-461A-B33A-8EF6FB8D1238}.Release|Any CPU.Build.0 = Release|Any CPU
		{0C655EEB-EB9B-4F2B-A92B-3907AAF66597}.Debug|Any CPU.ActiveCfg = Debug|Any CPU
		{0C655EEB-EB9B-4F2B-A92B-3907AAF66597}.Debug|Any CPU.Build.0 = Debug|Any CPU
		{0C655EEB-EB9B-4F2B-A92B-3907AAF66597}.Release|Any CPU.ActiveCfg = Release|Any CPU
		{0C655EEB-EB9B-4F2B-A92B-3907AAF66597}.Release|Any CPU.Build.0 = Release|Any CPU
		{B517AAD8-6FE4-4FC7-8FF0-B22FDD47B664}.Debug|Any CPU.ActiveCfg = Debug|Any CPU
		{B517AAD8-6FE4-4FC7-8FF0-B22FDD47B664}.Debug|Any CPU.Build.0 = Debug|Any CPU
		{B517AAD8-6FE4-4FC7-8FF0-B22FDD47B664}.Release|Any CPU.ActiveCfg = Release|Any CPU
		{B517AAD8-6FE4-4FC7-8FF0-B22FDD47B664}.Release|Any CPU.Build.0 = Release|Any CPU
		{628B2984-D57C-4E46-AE82-B480F57ED4B4}.Debug|Any CPU.ActiveCfg = Debug|Any CPU
		{628B2984-D57C-4E46-AE82-B480F57ED4B4}.Debug|Any CPU.Build.0 = Debug|Any CPU
		{628B2984-D57C-4E46-AE82-B480F57ED4B4}.Release|Any CPU.ActiveCfg = Release|Any CPU
		{628B2984-D57C-4E46-AE82-B480F57ED4B4}.Release|Any CPU.Build.0 = Release|Any CPU
		{EDE48062-998B-4556-96B0-3C168142234F}.Debug|Any CPU.ActiveCfg = Debug|Any CPU
		{EDE48062-998B-4556-96B0-3C168142234F}.Debug|Any CPU.Build.0 = Debug|Any CPU
		{EDE48062-998B-4556-96B0-3C168142234F}.Release|Any CPU.ActiveCfg = Release|Any CPU
		{EDE48062-998B-4556-96B0-3C168142234F}.Release|Any CPU.Build.0 = Release|Any CPU
		{AAFD73E9-A38D-4D00-B370-C9462EC99C0D}.Debug|Any CPU.ActiveCfg = Debug|Any CPU
		{AAFD73E9-A38D-4D00-B370-C9462EC99C0D}.Debug|Any CPU.Build.0 = Debug|Any CPU
		{AAFD73E9-A38D-4D00-B370-C9462EC99C0D}.Release|Any CPU.ActiveCfg = Release|Any CPU
		{AAFD73E9-A38D-4D00-B370-C9462EC99C0D}.Release|Any CPU.Build.0 = Release|Any CPU
		{339AE7B9-E118-4778-9922-62ECE1B54F6B}.Debug|Any CPU.ActiveCfg = Debug|Any CPU
		{339AE7B9-E118-4778-9922-62ECE1B54F6B}.Debug|Any CPU.Build.0 = Debug|Any CPU
		{339AE7B9-E118-4778-9922-62ECE1B54F6B}.Release|Any CPU.ActiveCfg = Release|Any CPU
		{339AE7B9-E118-4778-9922-62ECE1B54F6B}.Release|Any CPU.Build.0 = Release|Any CPU
		{93D00659-27CE-4BA5-A2C5-ACC3922F373D}.Debug|Any CPU.ActiveCfg = Debug|Any CPU
		{93D00659-27CE-4BA5-A2C5-ACC3922F373D}.Debug|Any CPU.Build.0 = Debug|Any CPU
		{93D00659-27CE-4BA5-A2C5-ACC3922F373D}.Release|Any CPU.ActiveCfg = Release|Any CPU
		{93D00659-27CE-4BA5-A2C5-ACC3922F373D}.Release|Any CPU.Build.0 = Release|Any CPU
		{E5607299-2921-47B3-B671-827DC9D0F717}.Debug|Any CPU.ActiveCfg = Debug|Any CPU
		{E5607299-2921-47B3-B671-827DC9D0F717}.Debug|Any CPU.Build.0 = Debug|Any CPU
		{E5607299-2921-47B3-B671-827DC9D0F717}.Release|Any CPU.ActiveCfg = Release|Any CPU
		{E5607299-2921-47B3-B671-827DC9D0F717}.Release|Any CPU.Build.0 = Release|Any CPU
	EndGlobalSection
	GlobalSection(SolutionProperties) = preSolution
		HideSolutionNode = FALSE
	EndGlobalSection
	GlobalSection(NestedProjects) = preSolution
		{65E9B093-9C9B-4ECA-A0F2-757B20DCB747} = {E5BB585E-B2FF-4AD8-910D-6AA8A17E67F0}
		{B57AD316-5894-4068-A2AA-13CB7D2C5A00} = {E5BB585E-B2FF-4AD8-910D-6AA8A17E67F0}
		{0F854813-149A-4B88-8FA6-F16C0F429D5F} = {E5BB585E-B2FF-4AD8-910D-6AA8A17E67F0}
		{33273414-3B9B-43E4-94B5-55CD738BE9FD} = {02EA681E-C7D8-13C7-8484-4AC65E1B71E8}
		{D8A5BCC1-E7D6-4CB1-B6FF-46813338CC92} = {02EA681E-C7D8-13C7-8484-4AC65E1B71E8}
		{EA0FAD25-957E-4988-8F1E-6C460FCEBC52} = {02EA681E-C7D8-13C7-8484-4AC65E1B71E8}
		{DE8B3C0C-F564-4952-9062-3680DDAAD1F7} = {4289A128-D188-4461-8ED8-480EBF7CABB1}
		{62A4CA18-130E-4D8D-9B1F-641ACD4F5B6E} = {4289A128-D188-4461-8ED8-480EBF7CABB1}
		{79DC86F6-E478-4E49-AF0A-FB4547401004} = {4289A128-D188-4461-8ED8-480EBF7CABB1}
		{64ADADE2-04FB-450A-931C-C5EB144F55CB} = {F75FCD7B-C3BD-4F9E-95A9-E075087FB1ED}
		{B2A4A34A-D94B-40A0-BD4F-F8C42CFE8F94} = {F75FCD7B-C3BD-4F9E-95A9-E075087FB1ED}
		{D71B8A20-2158-4623-97C6-C7F46A656282} = {F75FCD7B-C3BD-4F9E-95A9-E075087FB1ED}
		{CEF3031D-4943-4BBE-9864-9A0525B3C9AF} = {ECC3335F-6BFC-42C3-B393-A5671572EB44}
		{294FE87B-DE37-4847-A555-3EC359D25FBD} = {ECC3335F-6BFC-42C3-B393-A5671572EB44}
		{FC9AE38F-2B8A-4B94-88AA-51A897DA2D73} = {ECC3335F-6BFC-42C3-B393-A5671572EB44}
		{4A8110B6-96DB-461A-B33A-8EF6FB8D1238} = {58F6313F-B6FE-4EDB-8430-3B3089C70C9B}
		{0C655EEB-EB9B-4F2B-A92B-3907AAF66597} = {58F6313F-B6FE-4EDB-8430-3B3089C70C9B}
		{B517AAD8-6FE4-4FC7-8FF0-B22FDD47B664} = {58F6313F-B6FE-4EDB-8430-3B3089C70C9B}
		{628B2984-D57C-4E46-AE82-B480F57ED4B4} = {37FF3038-497E-4E06-9736-134457CABBA2}
		{EDE48062-998B-4556-96B0-3C168142234F} = {37FF3038-497E-4E06-9736-134457CABBA2}
		{AAFD73E9-A38D-4D00-B370-C9462EC99C0D} = {37FF3038-497E-4E06-9736-134457CABBA2}
		{339AE7B9-E118-4778-9922-62ECE1B54F6B} = {423F7BA0-695B-480C-99BF-FC8E90BC222E}
		{93D00659-27CE-4BA5-A2C5-ACC3922F373D} = {423F7BA0-695B-480C-99BF-FC8E90BC222E}
		{E5607299-2921-47B3-B671-827DC9D0F717} = {423F7BA0-695B-480C-99BF-FC8E90BC222E}
	EndGlobalSection
	GlobalSection(ExtensibilityGlobals) = postSolution
		SolutionGuid = {52888664-AA30-4E30-825C-D3C1DD3F6F17}
	EndGlobalSection
EndGlobal
